
Microsoft Visual Studio Solution File, Format Version 12.00
# Visual Studio 15
VisualStudioVersion = 15.0.28307.572
MinimumVisualStudioVersion = 10.0.40219.1
Project("{9A19103F-16F7-4668-BE54-9A1E7A4F7556}") = "WebApplication", "WebApplication\WebApplication.csproj", "{A8132C2F-2EA5-457F-BE93-704F7CDFDDA0}"
EndProject
Project("{00D1A9C2-B5F0-4AF3-8072-F6C62B433612}") = "localdatabase", "localdatabase\localdatabase.sqlproj", "{A9756F0A-7C27-42CC-BFAB-DC3FC6A01A17}"
EndProject
Project("{00D1A9C2-B5F0-4AF3-8072-F6C62B433612}") = "azuredatabase", "azuredatabase\azuredatabase.sqlproj", "{AD920E12-7370-4BBE-8A95-D768CA377DC7}"
EndProject
Global
	GlobalSection(SolutionConfigurationPlatforms) = preSolution
		Debug|Any CPU = Debug|Any CPU
		Release|Any CPU = Release|Any CPU
	EndGlobalSection
	GlobalSection(ProjectConfigurationPlatforms) = postSolution
		{A8132C2F-2EA5-457F-BE93-704F7CDFDDA0}.Debug|Any CPU.ActiveCfg = Debug|Any CPU
		{A8132C2F-2EA5-457F-BE93-704F7CDFDDA0}.Debug|Any CPU.Build.0 = Debug|Any CPU
		{A8132C2F-2EA5-457F-BE93-704F7CDFDDA0}.Release|Any CPU.ActiveCfg = Release|Any CPU
		{A8132C2F-2EA5-457F-BE93-704F7CDFDDA0}.Release|Any CPU.Build.0 = Release|Any CPU
		{A9756F0A-7C27-42CC-BFAB-DC3FC6A01A17}.Debug|Any CPU.ActiveCfg = Debug|Any CPU
		{A9756F0A-7C27-42CC-BFAB-DC3FC6A01A17}.Debug|Any CPU.Build.0 = Debug|Any CPU
		{A9756F0A-7C27-42CC-BFAB-DC3FC6A01A17}.Debug|Any CPU.Deploy.0 = Debug|Any CPU
		{A9756F0A-7C27-42CC-BFAB-DC3FC6A01A17}.Release|Any CPU.ActiveCfg = Release|Any CPU
		{A9756F0A-7C27-42CC-BFAB-DC3FC6A01A17}.Release|Any CPU.Build.0 = Release|Any CPU
		{A9756F0A-7C27-42CC-BFAB-DC3FC6A01A17}.Release|Any CPU.Deploy.0 = Release|Any CPU
		{AD920E12-7370-4BBE-8A95-D768CA377DC7}.Debug|Any CPU.ActiveCfg = Debug|Any CPU
		{AD920E12-7370-4BBE-8A95-D768CA377DC7}.Debug|Any CPU.Build.0 = Debug|Any CPU
		{AD920E12-7370-4BBE-8A95-D768CA377DC7}.Debug|Any CPU.Deploy.0 = Debug|Any CPU
		{AD920E12-7370-4BBE-8A95-D768CA377DC7}.Release|Any CPU.ActiveCfg = Release|Any CPU
		{AD920E12-7370-4BBE-8A95-D768CA377DC7}.Release|Any CPU.Build.0 = Release|Any CPU
		{AD920E12-7370-4BBE-8A95-D768CA377DC7}.Release|Any CPU.Deploy.0 = Release|Any CPU
	EndGlobalSection
	GlobalSection(SolutionProperties) = preSolution
		HideSolutionNode = FALSE
	EndGlobalSection
	GlobalSection(ExtensibilityGlobals) = postSolution
		SolutionGuid = {AC6633A1-D0FE-4F3F-84A6-CD76E703334E}
	EndGlobalSection
EndGlobal
